
Microsoft Visual Studio Solution File, Format Version 12.00
# Visual Studio Version 17
VisualStudioVersion = 17.8.34330.188
MinimumVisualStudioVersion = 10.0.40219.1
Project("{9A19103F-16F7-4668-BE54-9A1E7A4F7556}") = "poc.core.api.net8", "poc.core.api.net8\poc.core.api.net8.csproj", "{13400E0D-78A1-4A37-AFC5-179DD613DA4C}"
EndProject
Project("{9A19103F-16F7-4668-BE54-9A1E7A4F7556}") = "poc.core.api.net8.tests", "poc.core.api.net8.tests\Poc.Core.Tests\poc.core.api.net8.tests.csproj", "{22A6DD45-94EA-4150-977A-DFF4D569BB78}"
EndProject
Project("{2150E333-8FDC-42A3-9474-1A3956D46DE8}") = "Itens de Solução", "Itens de Solução", "{DCD74D88-A11A-4C8A-90EB-55B3C1DB6898}"
	ProjectSection(SolutionItems) = preProject
		leia.txt = leia.txt
	EndProjectSection
EndProject
Global
	GlobalSection(SolutionConfigurationPlatforms) = preSolution
		Debug|Any CPU = Debug|Any CPU
		Release|Any CPU = Release|Any CPU
	EndGlobalSection
	GlobalSection(ProjectConfigurationPlatforms) = postSolution
		{13400E0D-78A1-4A37-AFC5-179DD613DA4C}.Debug|Any CPU.ActiveCfg = Debug|Any CPU
		{13400E0D-78A1-4A37-AFC5-179DD613DA4C}.Debug|Any CPU.Build.0 = Debug|Any CPU
		{13400E0D-78A1-4A37-AFC5-179DD613DA4C}.Release|Any CPU.ActiveCfg = Release|Any CPU
		{13400E0D-78A1-4A37-AFC5-179DD613DA4C}.Release|Any CPU.Build.0 = Release|Any CPU
		{22A6DD45-94EA-4150-977A-DFF4D569BB78}.Debug|Any CPU.ActiveCfg = Debug|Any CPU
		{22A6DD45-94EA-4150-977A-DFF4D569BB78}.Debug|Any CPU.Build.0 = Debug|Any CPU
		{22A6DD45-94EA-4150-977A-DFF4D569BB78}.Release|Any CPU.ActiveCfg = Release|Any CPU
		{22A6DD45-94EA-4150-977A-DFF4D569BB78}.Release|Any CPU.Build.0 = Release|Any CPU
	EndGlobalSection
	GlobalSection(SolutionProperties) = preSolution
		HideSolutionNode = FALSE
	EndGlobalSection
	GlobalSection(ExtensibilityGlobals) = postSolution
		SolutionGuid = {EC56B6C8-9186-4389-9FDC-0340B40BC5C8}
	EndGlobalSection
EndGlobal
