
Microsoft Visual Studio Solution File, Format Version 12.00
# Visual Studio Version 17
VisualStudioVersion = 17.8.34330.188
MinimumVisualStudioVersion = 10.0.40219.1
Project("{E53339B2-1760-4266-BCC7-CA923CBCF16C}") = "docker-compose", "docker-compose.dcproj", "{B70E4F44-BD0A-4B83-BE43-D563ACC004A1}"
EndProject
Project("{2150E333-8FDC-42A3-9474-1A3956D46DE8}") = "01 - Core", "01 - Core", "{8DEA2D9C-88A0-44D6-9C86-8C43B823F365}"
EndProject
Project("{9A19103F-16F7-4668-BE54-9A1E7A4F7556}") = "poc.core.api.net8", "backend\poc.core.net8\poc.core.api.net8\poc.core.api.net8.csproj", "{7F1C03E5-934D-417B-97D0-0A5ECFFDEE48}"
EndProject
Project("{9A19103F-16F7-4668-BE54-9A1E7A4F7556}") = "poc.core.api.net8.tests", "backend\poc.core.net8\poc.core.api.net8.tests\Poc.Core.Tests\poc.core.api.net8.tests.csproj", "{0D6EC6BB-0645-4EFC-ADFA-67F244FEFE5D}"
EndProject
Project("{2150E333-8FDC-42A3-9474-1A3956D46DE8}") = "02 - Register", "02 - Register", "{4A060B01-86AD-4D5C-B706-34FEBBDD3944}"
EndProject
Project("{2150E333-8FDC-42A3-9474-1A3956D46DE8}") = "01 - Presentation", "01 - Presentation", "{245BD1B8-A8D0-468D-BE28-DB5A316DE94B}"
EndProject
Project("{2150E333-8FDC-42A3-9474-1A3956D46DE8}") = "02 - Application", "02 - Application", "{55A536DE-5257-4BD4-ACC5-C59FE8A9D0BA}"
EndProject
Project("{2150E333-8FDC-42A3-9474-1A3956D46DE8}") = "03 - Domain", "03 - Domain", "{CAC0E53D-B5AE-4FEF-B558-5E4B700327EE}"
EndProject
Project("{2150E333-8FDC-42A3-9474-1A3956D46DE8}") = "04 - Infrastructure", "04 - Infrastructure", "{02F7030E-EAF7-46E7-9BE7-ADDD5F8143D6}"
EndProject
Project("{2150E333-8FDC-42A3-9474-1A3956D46DE8}") = "05 - Tests", "05 - Tests", "{AC78CEFB-96D8-4A65-916F-9996F6A7EC71}"
	ProjectSection(SolutionItems) = preProject
		backend\poc.cqrs.api.core.sqlserver.ef.net8\Tests\Poc.Register.IntegrationTests.txt = backend\poc.cqrs.api.core.sqlserver.ef.net8\Tests\Poc.Register.IntegrationTests.txt
		backend\poc.cqrs.api.core.sqlserver.ef.net8\Tests\Poc.Register.UnitTestsTests.txt = backend\poc.cqrs.api.core.sqlserver.ef.net8\Tests\Poc.Register.UnitTestsTests.txt
	EndProjectSection
EndProject
Project("{2150E333-8FDC-42A3-9474-1A3956D46DE8}") = "Database", "Database", "{7B0E0BF7-FBA8-4C66-A1B6-DC64389DC97C}"
EndProject
Project("{2150E333-8FDC-42A3-9474-1A3956D46DE8}") = "DistributedCache", "DistributedCache", "{1E9AC069-D665-4B62-AC61-9A435F6F27F6}"
EndProject
Project("{2150E333-8FDC-42A3-9474-1A3956D46DE8}") = "Integration", "Integration", "{087E7D8D-62CB-42FC-8B35-7B3C5E37BE48}"
EndProject
Project("{9A19103F-16F7-4668-BE54-9A1E7A4F7556}") = "Poc.Core.API", "backend\poc.cqrs.api.core.sqlserver.ef.net8\src\01-Presentation\Poc.Core.API\Poc.Core.API.csproj", "{F9600D8B-0248-46DA-9A58-97A2BC8DDCD1}"
EndProject
Project("{9A19103F-16F7-4668-BE54-9A1E7A4F7556}") = "Poc.Command", "backend\poc.cqrs.api.core.sqlserver.ef.net8\src\02-Application\Poc.Command\Poc.Command.csproj", "{9181F687-5D6C-46E8-B83E-5BEBAD68A261}"
EndProject
Project("{9A19103F-16F7-4668-BE54-9A1E7A4F7556}") = "Poc.Contract", "backend\poc.cqrs.api.core.sqlserver.ef.net8\src\02-Application\Poc.Contract\Poc.Contract.csproj", "{E011B299-97A4-4388-B808-09F8FF52C1AE}"
EndProject
Project("{9A19103F-16F7-4668-BE54-9A1E7A4F7556}") = "Poc.Query", "backend\poc.cqrs.api.core.sqlserver.ef.net8\src\02-Application\Poc.Query\Poc.Query.csproj", "{5DB5DEEA-74FD-4464-B9C8-51C462079BB9}"
EndProject
Project("{9A19103F-16F7-4668-BE54-9A1E7A4F7556}") = "Poc.Domain", "backend\poc.cqrs.api.core.sqlserver.ef.net8\src\03-Domain\Poc.Domain\Poc.Domain.csproj", "{4E487BD1-0B50-4F92-980B-BD09A2B32B0B}"
EndProject
Project("{9A19103F-16F7-4668-BE54-9A1E7A4F7556}") = "Poc.SQLServer", "backend\poc.cqrs.api.core.sqlserver.ef.net8\src\04-Infrastructure\Database\Poc.SQLServer\Poc.SQLServer.csproj", "{4CC277D2-03EF-4688-B3E8-22A883809521}"
EndProject
Project("{9A19103F-16F7-4668-BE54-9A1E7A4F7556}") = "Poc.DistributedCache", "backend\poc.cqrs.api.core.sqlserver.ef.net8\src\04-Infrastructure\DistributedCache\Poc.DistributedCache\Poc.DistributedCache.csproj", "{D0411981-543E-4CA4-88F5-06D520AEBB92}"
EndProject
Project("{9A19103F-16F7-4668-BE54-9A1E7A4F7556}") = "Poc.Auth", "backend\poc.cqrs.api.core.sqlserver.ef.net8\src\04-Infrastructure\Integration\Poc.Auth\Poc.Auth.csproj", "{D134C984-953C-44AF-BF1A-359F09DB232D}"
EndProject
Project("{9A19103F-16F7-4668-BE54-9A1E7A4F7556}") = "Poc.RabbiMQ", "backend\poc.cqrs.api.core.sqlserver.ef.net8\src\04-Infrastructure\Integration\Poc.RabbiMQ\Poc.RabbiMQ.csproj", "{53812AC1-59BB-44A0-90FD-97BCE54D0E86}"
EndProject
Project("{9A19103F-16F7-4668-BE54-9A1E7A4F7556}") = "Poc.Kafka", "backend\poc.cqrs.api.core.sqlserver.ef.net8\src\04-Infrastructure\Integration\Poc.Kafka\Poc.Kafka.csproj", "{9F2B99B0-44A7-49B5-BD93-86A1460529E8}"
EndProject
Project("{2150E333-8FDC-42A3-9474-1A3956D46DE8}") = "ExternalAPI", "ExternalAPI", "{2FB5E222-0CA8-4943-9BD8-F56EAA266E43}"
EndProject
Project("{2150E333-8FDC-42A3-9474-1A3956D46DE8}") = "Gateway", "Gateway", "{6499486C-06A3-4DF7-8827-6B54FE4A049D}"
EndProject
Project("{9A19103F-16F7-4668-BE54-9A1E7A4F7556}") = "Poc.Gateway.API", "backend\poc.cqrs.api.gateway.net8\src\Poc.Gateway.API.csproj", "{7434B5AB-EADF-4C69-8561-E4FB5EEC5C6D}"
EndProject
Project("{2150E333-8FDC-42A3-9474-1A3956D46DE8}") = "01 - API.Twilio", "01 - API.Twilio", "{61AD2B54-3A62-40EB-A29B-386273405AA5}"
EndProject
Project("{2150E333-8FDC-42A3-9474-1A3956D46DE8}") = "01-Presentation", "01-Presentation", "{6C904631-E91E-43E5-81AC-4AE00A57B565}"
EndProject
Project("{2150E333-8FDC-42A3-9474-1A3956D46DE8}") = "02-Application", "02-Application", "{11316196-BDD4-4D6C-AFDA-7BFB3F008853}"
EndProject
Project("{2150E333-8FDC-42A3-9474-1A3956D46DE8}") = "03-Domain", "03-Domain", "{BACF8E3B-CC58-498C-BC7C-9D97A756F2A6}"
EndProject
Project("{2150E333-8FDC-42A3-9474-1A3956D46DE8}") = "04-Infrastructure", "04-Infrastructure", "{10CCED06-146D-47A6-97B4-9B2B3A430A7E}"
EndProject
Project("{2150E333-8FDC-42A3-9474-1A3956D46DE8}") = "DistributedCache", "DistributedCache", "{B938D59A-C680-4E0A-B584-1135F4D7E457}"
EndProject
Project("{2150E333-8FDC-42A3-9474-1A3956D46DE8}") = "Integration", "Integration", "{2DC22B59-7558-411F-ACAB-E202845A5B58}"
EndProject
Project("{9A19103F-16F7-4668-BE54-9A1E7A4F7556}") = "Poc.Twilio.API", "backend\poc.cqrs.api.twilio.net8\src\01-Presentation\Poc.Twilio.API\Poc.Twilio.API.csproj", "{17B89EAA-A064-43A2-B6FD-33422DA8BACA}"
EndProject
Project("{9A19103F-16F7-4668-BE54-9A1E7A4F7556}") = "Poc.Command", "backend\poc.cqrs.api.twilio.net8\src\02-Application\Poc.Command\Poc.Command.csproj", "{234806BA-BECF-413E-9BC5-9D015D4126FA}"
EndProject
Project("{9A19103F-16F7-4668-BE54-9A1E7A4F7556}") = "Poc.Contract", "backend\poc.cqrs.api.twilio.net8\src\02-Application\Poc.Contract\Poc.Contract.csproj", "{81CDEEB8-F627-4E68-BD7A-FAC641716D77}"
EndProject
Project("{9A19103F-16F7-4668-BE54-9A1E7A4F7556}") = "Poc.Query", "backend\poc.cqrs.api.twilio.net8\src\02-Application\Poc.Query\Poc.Query.csproj", "{F6BEA608-C7B6-49B0-8FD9-3C80541F316C}"
EndProject
Project("{9A19103F-16F7-4668-BE54-9A1E7A4F7556}") = "Poc.Domain", "backend\poc.cqrs.api.twilio.net8\src\03-Domain\Poc.Domain\Poc.Domain.csproj", "{D1B3456A-C8E5-4DBB-9F0F-B358009398BA}"
EndProject
Project("{9A19103F-16F7-4668-BE54-9A1E7A4F7556}") = "Poc.DistributedCache", "backend\poc.cqrs.api.twilio.net8\src\04-Infrastructure\DistributedCache\Poc.DistributedCache\Poc.DistributedCache.csproj", "{B66BCE9E-6EFE-41F8-A8FE-75C73ED611A4}"
EndProject
Project("{9A19103F-16F7-4668-BE54-9A1E7A4F7556}") = "Poc.Auth", "backend\poc.cqrs.api.twilio.net8\src\04-Infrastructure\Integration\Poc.Auth\Poc.Auth.csproj", "{E0D8253C-024C-4166-BBE4-1AB9CE2BF0E3}"
EndProject
Project("{2150E333-8FDC-42A3-9474-1A3956D46DE8}") = "02 - MockAPI", "02 - MockAPI", "{A9018839-FC69-4F01-AB56-CD140A79D60D}"
EndProject
Project("{9A19103F-16F7-4668-BE54-9A1E7A4F7556}") = "poc.api.gateway", "backend\poc.cqrs.api.mock.net8\poc.api.gateway.net8\poc.api.gateway.csproj", "{E8DCE3B4-EA69-46EB-9FE2-2566BB5C7AE7}"
EndProject
Project("{9A19103F-16F7-4668-BE54-9A1E7A4F7556}") = "poc.api.mongodb", "backend\poc.cqrs.api.mock.net8\poc.api.mongodb.net8\poc.api.mongodb.csproj", "{3B9C52BB-431A-41E3-A004-CC96F1431F16}"
EndProject
Project("{9A19103F-16F7-4668-BE54-9A1E7A4F7556}") = "poc.api.redis", "backend\poc.cqrs.api.mock.net8\poc.api.redis.net8\poc.api.redis.csproj", "{69633C2E-E90A-49C2-BFC1-7FCA54F7F25E}"
EndProject
Project("{9A19103F-16F7-4668-BE54-9A1E7A4F7556}") = "poc.api.sqlserver", "backend\poc.cqrs.api.mock.net8\poc.api.sqlserver.net8\poc.api.sqlserver.csproj", "{8DD8F551-2933-49B4-80BE-211306FDCBA4}"
EndProject
Project("{2150E333-8FDC-42A3-9474-1A3956D46DE8}") = "Library", "Library", "{3902AFDA-EC0B-4053-8646-3DF9F8BC8436}"
EndProject
Project("{2150E333-8FDC-42A3-9474-1A3956D46DE8}") = "03 - HR", "03 - HR", "{4ED247D4-B45D-4FA1-BD8C-5AA3C45AF0CA}"
EndProject
Project("{2150E333-8FDC-42A3-9474-1A3956D46DE8}") = "01 - Presentation", "01 - Presentation", "{94E536CE-5425-445C-AFD2-EE419ED35540}"
EndProject
Project("{2150E333-8FDC-42A3-9474-1A3956D46DE8}") = "02 - Application", "02 - Application", "{8EC6B836-90B9-4B29-8667-7D73B1DA4690}"
EndProject
Project("{2150E333-8FDC-42A3-9474-1A3956D46DE8}") = "03 - Domain", "03 - Domain", "{11A56CE5-350E-4B7F-A47A-4180474A6C9A}"
EndProject
Project("{2150E333-8FDC-42A3-9474-1A3956D46DE8}") = "04 - Infrastructure", "04 - Infrastructure", "{484D00D6-0684-48A3-8B78-D1A25F693947}"
EndProject
Project("{2150E333-8FDC-42A3-9474-1A3956D46DE8}") = "05 - Tests", "05 - Tests", "{831934FB-2F85-43E3-BD8E-43252F94DE1C}"
	ProjectSection(SolutionItems) = preProject
		backend\poc.cqrs.api.rh.oracle.dapper.net8\Tests\Poc.HR.IntegrationTests.txt = backend\poc.cqrs.api.rh.oracle.dapper.net8\Tests\Poc.HR.IntegrationTests.txt
		backend\poc.cqrs.api.rh.oracle.dapper.net8\Tests\Poc.HR.UnitTestsTests.txt = backend\poc.cqrs.api.rh.oracle.dapper.net8\Tests\Poc.HR.UnitTestsTests.txt
	EndProjectSection
EndProject
Project("{2150E333-8FDC-42A3-9474-1A3956D46DE8}") = "Database", "Database", "{925F2BAD-BDBB-445F-B40F-D352AB3BA11A}"
EndProject
Project("{2150E333-8FDC-42A3-9474-1A3956D46DE8}") = "DistributedCache", "DistributedCache", "{35E89A9B-FD5E-4FB8-AA91-32B1FC5B8CAB}"
EndProject
Project("{2150E333-8FDC-42A3-9474-1A3956D46DE8}") = "Integration", "Integration", "{948E2890-2B3D-465F-8E34-07290B64A711}"
EndProject
Project("{9A19103F-16F7-4668-BE54-9A1E7A4F7556}") = "Poc.RH.API", "backend\poc.cqrs.api.rh.oracle.dapper.net8\src\01-Presentation\Poc.RH.API\Poc.RH.API.csproj", "{955C23D9-9507-40AC-A916-B897EB34DC15}"
EndProject
Project("{9A19103F-16F7-4668-BE54-9A1E7A4F7556}") = "Poc.Command", "backend\poc.cqrs.api.rh.oracle.dapper.net8\src\02-Application\Poc.Command\Poc.Command.csproj", "{501D31B8-B7AC-48C9-B4B2-DDF06B44664D}"
EndProject
Project("{9A19103F-16F7-4668-BE54-9A1E7A4F7556}") = "Poc.Contract", "backend\poc.cqrs.api.rh.oracle.dapper.net8\src\02-Application\Poc.Contract\Poc.Contract.csproj", "{A578E674-F73D-49A3-88D4-06940A38C8A6}"
EndProject
Project("{9A19103F-16F7-4668-BE54-9A1E7A4F7556}") = "Poc.Query", "backend\poc.cqrs.api.rh.oracle.dapper.net8\src\02-Application\Poc.Query\Poc.Query.csproj", "{F1688492-5AF8-4E83-B547-B9D9C016388D}"
EndProject
Project("{9A19103F-16F7-4668-BE54-9A1E7A4F7556}") = "Poc.Domain", "backend\poc.cqrs.api.rh.oracle.dapper.net8\src\03-Domain\Poc.Domain\Poc.Domain.csproj", "{B77635E5-8A1B-4EF8-B0AD-BA5FE4B100C2}"
EndProject
Project("{9A19103F-16F7-4668-BE54-9A1E7A4F7556}") = "Poc.Oracle", "backend\poc.cqrs.api.rh.oracle.dapper.net8\src\04-Infrastructure\Database\Poc.Oracle\Poc.Oracle.csproj", "{5D3D417A-AEF4-4D5F-AE5A-BFF083A451F8}"
EndProject
Project("{9A19103F-16F7-4668-BE54-9A1E7A4F7556}") = "Poc.DistributedCache", "backend\poc.cqrs.api.rh.oracle.dapper.net8\src\04-Infrastructure\DistributedCache\Poc.DistributedCache\Poc.DistributedCache.csproj", "{AE2721FF-4B0F-4004-B504-F97F158D5892}"
EndProject
Project("{9A19103F-16F7-4668-BE54-9A1E7A4F7556}") = "Poc.Auth", "backend\poc.cqrs.api.rh.oracle.dapper.net8\src\04-Infrastructure\Integration\Poc.Auth\Poc.Auth.csproj", "{D2BACCCA-4CDC-45F7-A4DF-F471D6FE02E1}"
EndProject
Project("{9A19103F-16F7-4668-BE54-9A1E7A4F7556}") = "Poc.Kafka", "backend\poc.cqrs.api.rh.oracle.dapper.net8\src\04-Infrastructure\Integration\Poc.Kafka\Poc.Kafka.csproj", "{EC1373DE-D770-4BF8-B515-99C2A23CFA17}"
EndProject
Project("{9A19103F-16F7-4668-BE54-9A1E7A4F7556}") = "Poc.RabbiMQ", "backend\poc.cqrs.api.rh.oracle.dapper.net8\src\04-Infrastructure\Integration\Poc.RabbiMQ\Poc.RabbiMQ.csproj", "{2E97D3F9-77E4-4246-BBCB-C3A779C21EA1}"
EndProject
Project("{2150E333-8FDC-42A3-9474-1A3956D46DE8}") = "04 - EmailMarketing", "04 - EmailMarketing", "{B825E441-50DD-4B4D-A2F7-1A00D62952BF}"
EndProject
Project("{2150E333-8FDC-42A3-9474-1A3956D46DE8}") = "01-Presentation", "01-Presentation", "{68066499-6A33-4715-B5EF-4C895CF48761}"
EndProject
Project("{2150E333-8FDC-42A3-9474-1A3956D46DE8}") = "02-Application", "02-Application", "{A9D4E698-B494-4035-A3B2-B570E2352665}"
EndProject
Project("{2150E333-8FDC-42A3-9474-1A3956D46DE8}") = "03-Domain", "03-Domain", "{34CBF482-A651-4309-BB49-10606856B4B7}"
EndProject
Project("{2150E333-8FDC-42A3-9474-1A3956D46DE8}") = "04-Infrastructure", "04-Infrastructure", "{D969A34B-701E-4558-9249-01E33D6AE13F}"
EndProject
Project("{2150E333-8FDC-42A3-9474-1A3956D46DE8}") = "05 - Tests", "05 - Tests", "{D0AE7F0B-2417-4739-A3D2-0CEEDCFD782F}"
	ProjectSection(SolutionItems) = preProject
		backend\poc.cqrs.api.mkt.mysql.ef.net8\Tests\Poc.Mkt.IntegrationTests.txt = backend\poc.cqrs.api.mkt.mysql.ef.net8\Tests\Poc.Mkt.IntegrationTests.txt
		backend\poc.cqrs.api.mkt.mysql.ef.net8\Tests\Poc.Mkt.UnitTestsTests.txt = backend\poc.cqrs.api.mkt.mysql.ef.net8\Tests\Poc.Mkt.UnitTestsTests.txt
	EndProjectSection
EndProject
Project("{2150E333-8FDC-42A3-9474-1A3956D46DE8}") = "Database", "Database", "{EE37647D-48E2-4276-8471-07159C3D2E1F}"
EndProject
Project("{2150E333-8FDC-42A3-9474-1A3956D46DE8}") = "DistributedCache", "DistributedCache", "{82B3C88D-7591-4F8E-89EE-AEF929CF4843}"
EndProject
Project("{2150E333-8FDC-42A3-9474-1A3956D46DE8}") = "Integration", "Integration", "{F05E47F2-E937-45CF-9DC0-064226ACA526}"
EndProject
Project("{9A19103F-16F7-4668-BE54-9A1E7A4F7556}") = "Poc.MKT.API", "backend\poc.cqrs.api.mkt.mysql.ef.net8\src\01-Presentation\Poc.MKT.API\Poc.MKT.API.csproj", "{497E51DA-353A-4510-87E5-8C85DF0E2567}"
EndProject
Project("{9A19103F-16F7-4668-BE54-9A1E7A4F7556}") = "Poc.Command", "backend\poc.cqrs.api.mkt.mysql.ef.net8\src\02-Application\Poc.Command\Poc.Command.csproj", "{EE501E71-90D8-48AE-BF30-D1AC4F076717}"
EndProject
Project("{9A19103F-16F7-4668-BE54-9A1E7A4F7556}") = "Poc.Contract", "backend\poc.cqrs.api.mkt.mysql.ef.net8\src\02-Application\Poc.Contract\Poc.Contract.csproj", "{7F2B5F64-40E9-4F27-9706-0AE23ABEC2C0}"
EndProject
Project("{9A19103F-16F7-4668-BE54-9A1E7A4F7556}") = "Poc.Query", "backend\poc.cqrs.api.mkt.mysql.ef.net8\src\02-Application\Poc.Query\Poc.Query.csproj", "{68A13A57-5573-42EA-A267-D4028E3330E5}"
EndProject
Project("{9A19103F-16F7-4668-BE54-9A1E7A4F7556}") = "Poc.Domain", "backend\poc.cqrs.api.mkt.mysql.ef.net8\src\03-Domain\Poc.Domain\Poc.Domain.csproj", "{9843A889-DC8F-4215-B8D7-F310D9A161B8}"
EndProject
Project("{9A19103F-16F7-4668-BE54-9A1E7A4F7556}") = "Poc.MySQL", "backend\poc.cqrs.api.mkt.mysql.ef.net8\src\04-Infrastructure\Database\Poc.MySQL\Poc.MySQL.csproj", "{7CEE6CFE-E1D0-4A2F-BEA8-18B7FFA49504}"
EndProject
Project("{9A19103F-16F7-4668-BE54-9A1E7A4F7556}") = "Poc.DistributedCache", "backend\poc.cqrs.api.mkt.mysql.ef.net8\src\04-Infrastructure\DistributedCache\Poc.DistributedCache\Poc.DistributedCache.csproj", "{61096DA4-2460-47A2-874B-509EFC794F86}"
EndProject
Project("{9A19103F-16F7-4668-BE54-9A1E7A4F7556}") = "Poc.Auth", "backend\poc.cqrs.api.mkt.mysql.ef.net8\src\04-Infrastructure\Integration\Poc.Auth\Poc.Auth.csproj", "{A8CD013B-4A95-45F6-83E3-A568B8EE9929}"
EndProject
Project("{9A19103F-16F7-4668-BE54-9A1E7A4F7556}") = "Poc.Kafka", "backend\poc.cqrs.api.mkt.mysql.ef.net8\src\04-Infrastructure\Integration\Poc.Kafka\Poc.Kafka.csproj", "{E282678D-B8BE-4264-A31C-059D1F4524A6}"
EndProject
Project("{9A19103F-16F7-4668-BE54-9A1E7A4F7556}") = "Poc.RabbiMQ", "backend\poc.cqrs.api.mkt.mysql.ef.net8\src\04-Infrastructure\Integration\Poc.RabbiMQ\Poc.RabbiMQ.csproj", "{7DAC855C-C760-4E17-9346-FB327E71316B}"
EndProject
Global
	GlobalSection(SolutionConfigurationPlatforms) = preSolution
		Debug|Any CPU = Debug|Any CPU
		Release|Any CPU = Release|Any CPU
	EndGlobalSection
	GlobalSection(ProjectConfigurationPlatforms) = postSolution
		{B70E4F44-BD0A-4B83-BE43-D563ACC004A1}.Debug|Any CPU.ActiveCfg = Debug|Any CPU
		{B70E4F44-BD0A-4B83-BE43-D563ACC004A1}.Debug|Any CPU.Build.0 = Debug|Any CPU
		{B70E4F44-BD0A-4B83-BE43-D563ACC004A1}.Release|Any CPU.ActiveCfg = Release|Any CPU
		{B70E4F44-BD0A-4B83-BE43-D563ACC004A1}.Release|Any CPU.Build.0 = Release|Any CPU
		{7F1C03E5-934D-417B-97D0-0A5ECFFDEE48}.Debug|Any CPU.ActiveCfg = Debug|Any CPU
		{7F1C03E5-934D-417B-97D0-0A5ECFFDEE48}.Debug|Any CPU.Build.0 = Debug|Any CPU
		{7F1C03E5-934D-417B-97D0-0A5ECFFDEE48}.Release|Any CPU.ActiveCfg = Release|Any CPU
		{7F1C03E5-934D-417B-97D0-0A5ECFFDEE48}.Release|Any CPU.Build.0 = Release|Any CPU
		{0D6EC6BB-0645-4EFC-ADFA-67F244FEFE5D}.Debug|Any CPU.ActiveCfg = Debug|Any CPU
		{0D6EC6BB-0645-4EFC-ADFA-67F244FEFE5D}.Debug|Any CPU.Build.0 = Debug|Any CPU
		{0D6EC6BB-0645-4EFC-ADFA-67F244FEFE5D}.Release|Any CPU.ActiveCfg = Release|Any CPU
		{0D6EC6BB-0645-4EFC-ADFA-67F244FEFE5D}.Release|Any CPU.Build.0 = Release|Any CPU
		{F9600D8B-0248-46DA-9A58-97A2BC8DDCD1}.Debug|Any CPU.ActiveCfg = Debug|Any CPU
		{F9600D8B-0248-46DA-9A58-97A2BC8DDCD1}.Debug|Any CPU.Build.0 = Debug|Any CPU
		{F9600D8B-0248-46DA-9A58-97A2BC8DDCD1}.Release|Any CPU.ActiveCfg = Release|Any CPU
		{F9600D8B-0248-46DA-9A58-97A2BC8DDCD1}.Release|Any CPU.Build.0 = Release|Any CPU
		{9181F687-5D6C-46E8-B83E-5BEBAD68A261}.Debug|Any CPU.ActiveCfg = Debug|Any CPU
		{9181F687-5D6C-46E8-B83E-5BEBAD68A261}.Debug|Any CPU.Build.0 = Debug|Any CPU
		{9181F687-5D6C-46E8-B83E-5BEBAD68A261}.Release|Any CPU.ActiveCfg = Release|Any CPU
		{9181F687-5D6C-46E8-B83E-5BEBAD68A261}.Release|Any CPU.Build.0 = Release|Any CPU
		{E011B299-97A4-4388-B808-09F8FF52C1AE}.Debug|Any CPU.ActiveCfg = Debug|Any CPU
		{E011B299-97A4-4388-B808-09F8FF52C1AE}.Debug|Any CPU.Build.0 = Debug|Any CPU
		{E011B299-97A4-4388-B808-09F8FF52C1AE}.Release|Any CPU.ActiveCfg = Release|Any CPU
		{E011B299-97A4-4388-B808-09F8FF52C1AE}.Release|Any CPU.Build.0 = Release|Any CPU
		{5DB5DEEA-74FD-4464-B9C8-51C462079BB9}.Debug|Any CPU.ActiveCfg = Debug|Any CPU
		{5DB5DEEA-74FD-4464-B9C8-51C462079BB9}.Debug|Any CPU.Build.0 = Debug|Any CPU
		{5DB5DEEA-74FD-4464-B9C8-51C462079BB9}.Release|Any CPU.ActiveCfg = Release|Any CPU
		{5DB5DEEA-74FD-4464-B9C8-51C462079BB9}.Release|Any CPU.Build.0 = Release|Any CPU
		{4E487BD1-0B50-4F92-980B-BD09A2B32B0B}.Debug|Any CPU.ActiveCfg = Debug|Any CPU
		{4E487BD1-0B50-4F92-980B-BD09A2B32B0B}.Debug|Any CPU.Build.0 = Debug|Any CPU
		{4E487BD1-0B50-4F92-980B-BD09A2B32B0B}.Release|Any CPU.ActiveCfg = Release|Any CPU
		{4E487BD1-0B50-4F92-980B-BD09A2B32B0B}.Release|Any CPU.Build.0 = Release|Any CPU
		{4CC277D2-03EF-4688-B3E8-22A883809521}.Debug|Any CPU.ActiveCfg = Debug|Any CPU
		{4CC277D2-03EF-4688-B3E8-22A883809521}.Debug|Any CPU.Build.0 = Debug|Any CPU
		{4CC277D2-03EF-4688-B3E8-22A883809521}.Release|Any CPU.ActiveCfg = Release|Any CPU
		{4CC277D2-03EF-4688-B3E8-22A883809521}.Release|Any CPU.Build.0 = Release|Any CPU
		{D0411981-543E-4CA4-88F5-06D520AEBB92}.Debug|Any CPU.ActiveCfg = Debug|Any CPU
		{D0411981-543E-4CA4-88F5-06D520AEBB92}.Debug|Any CPU.Build.0 = Debug|Any CPU
		{D0411981-543E-4CA4-88F5-06D520AEBB92}.Release|Any CPU.ActiveCfg = Release|Any CPU
		{D0411981-543E-4CA4-88F5-06D520AEBB92}.Release|Any CPU.Build.0 = Release|Any CPU
		{D134C984-953C-44AF-BF1A-359F09DB232D}.Debug|Any CPU.ActiveCfg = Debug|Any CPU
		{D134C984-953C-44AF-BF1A-359F09DB232D}.Debug|Any CPU.Build.0 = Debug|Any CPU
		{D134C984-953C-44AF-BF1A-359F09DB232D}.Release|Any CPU.ActiveCfg = Release|Any CPU
		{D134C984-953C-44AF-BF1A-359F09DB232D}.Release|Any CPU.Build.0 = Release|Any CPU
		{53812AC1-59BB-44A0-90FD-97BCE54D0E86}.Debug|Any CPU.ActiveCfg = Debug|Any CPU
		{53812AC1-59BB-44A0-90FD-97BCE54D0E86}.Debug|Any CPU.Build.0 = Debug|Any CPU
		{53812AC1-59BB-44A0-90FD-97BCE54D0E86}.Release|Any CPU.ActiveCfg = Release|Any CPU
		{53812AC1-59BB-44A0-90FD-97BCE54D0E86}.Release|Any CPU.Build.0 = Release|Any CPU
		{9F2B99B0-44A7-49B5-BD93-86A1460529E8}.Debug|Any CPU.ActiveCfg = Debug|Any CPU
		{9F2B99B0-44A7-49B5-BD93-86A1460529E8}.Debug|Any CPU.Build.0 = Debug|Any CPU
		{9F2B99B0-44A7-49B5-BD93-86A1460529E8}.Release|Any CPU.ActiveCfg = Release|Any CPU
		{9F2B99B0-44A7-49B5-BD93-86A1460529E8}.Release|Any CPU.Build.0 = Release|Any CPU
		{7434B5AB-EADF-4C69-8561-E4FB5EEC5C6D}.Debug|Any CPU.ActiveCfg = Debug|Any CPU
		{7434B5AB-EADF-4C69-8561-E4FB5EEC5C6D}.Debug|Any CPU.Build.0 = Debug|Any CPU
		{7434B5AB-EADF-4C69-8561-E4FB5EEC5C6D}.Release|Any CPU.ActiveCfg = Release|Any CPU
		{7434B5AB-EADF-4C69-8561-E4FB5EEC5C6D}.Release|Any CPU.Build.0 = Release|Any CPU
		{17B89EAA-A064-43A2-B6FD-33422DA8BACA}.Debug|Any CPU.ActiveCfg = Debug|Any CPU
		{17B89EAA-A064-43A2-B6FD-33422DA8BACA}.Debug|Any CPU.Build.0 = Debug|Any CPU
		{17B89EAA-A064-43A2-B6FD-33422DA8BACA}.Release|Any CPU.ActiveCfg = Release|Any CPU
		{17B89EAA-A064-43A2-B6FD-33422DA8BACA}.Release|Any CPU.Build.0 = Release|Any CPU
		{234806BA-BECF-413E-9BC5-9D015D4126FA}.Debug|Any CPU.ActiveCfg = Debug|Any CPU
		{234806BA-BECF-413E-9BC5-9D015D4126FA}.Debug|Any CPU.Build.0 = Debug|Any CPU
		{234806BA-BECF-413E-9BC5-9D015D4126FA}.Release|Any CPU.ActiveCfg = Release|Any CPU
		{234806BA-BECF-413E-9BC5-9D015D4126FA}.Release|Any CPU.Build.0 = Release|Any CPU
		{81CDEEB8-F627-4E68-BD7A-FAC641716D77}.Debug|Any CPU.ActiveCfg = Debug|Any CPU
		{81CDEEB8-F627-4E68-BD7A-FAC641716D77}.Debug|Any CPU.Build.0 = Debug|Any CPU
		{81CDEEB8-F627-4E68-BD7A-FAC641716D77}.Release|Any CPU.ActiveCfg = Release|Any CPU
		{81CDEEB8-F627-4E68-BD7A-FAC641716D77}.Release|Any CPU.Build.0 = Release|Any CPU
		{F6BEA608-C7B6-49B0-8FD9-3C80541F316C}.Debug|Any CPU.ActiveCfg = Debug|Any CPU
		{F6BEA608-C7B6-49B0-8FD9-3C80541F316C}.Debug|Any CPU.Build.0 = Debug|Any CPU
		{F6BEA608-C7B6-49B0-8FD9-3C80541F316C}.Release|Any CPU.ActiveCfg = Release|Any CPU
		{F6BEA608-C7B6-49B0-8FD9-3C80541F316C}.Release|Any CPU.Build.0 = Release|Any CPU
		{D1B3456A-C8E5-4DBB-9F0F-B358009398BA}.Debug|Any CPU.ActiveCfg = Debug|Any CPU
		{D1B3456A-C8E5-4DBB-9F0F-B358009398BA}.Debug|Any CPU.Build.0 = Debug|Any CPU
		{D1B3456A-C8E5-4DBB-9F0F-B358009398BA}.Release|Any CPU.ActiveCfg = Release|Any CPU
		{D1B3456A-C8E5-4DBB-9F0F-B358009398BA}.Release|Any CPU.Build.0 = Release|Any CPU
		{B66BCE9E-6EFE-41F8-A8FE-75C73ED611A4}.Debug|Any CPU.ActiveCfg = Debug|Any CPU
		{B66BCE9E-6EFE-41F8-A8FE-75C73ED611A4}.Debug|Any CPU.Build.0 = Debug|Any CPU
		{B66BCE9E-6EFE-41F8-A8FE-75C73ED611A4}.Release|Any CPU.ActiveCfg = Release|Any CPU
		{B66BCE9E-6EFE-41F8-A8FE-75C73ED611A4}.Release|Any CPU.Build.0 = Release|Any CPU
		{E0D8253C-024C-4166-BBE4-1AB9CE2BF0E3}.Debug|Any CPU.ActiveCfg = Debug|Any CPU
		{E0D8253C-024C-4166-BBE4-1AB9CE2BF0E3}.Debug|Any CPU.Build.0 = Debug|Any CPU
		{E0D8253C-024C-4166-BBE4-1AB9CE2BF0E3}.Release|Any CPU.ActiveCfg = Release|Any CPU
		{E0D8253C-024C-4166-BBE4-1AB9CE2BF0E3}.Release|Any CPU.Build.0 = Release|Any CPU
		{E8DCE3B4-EA69-46EB-9FE2-2566BB5C7AE7}.Debug|Any CPU.ActiveCfg = Debug|Any CPU
		{E8DCE3B4-EA69-46EB-9FE2-2566BB5C7AE7}.Debug|Any CPU.Build.0 = Debug|Any CPU
		{E8DCE3B4-EA69-46EB-9FE2-2566BB5C7AE7}.Release|Any CPU.ActiveCfg = Release|Any CPU
		{E8DCE3B4-EA69-46EB-9FE2-2566BB5C7AE7}.Release|Any CPU.Build.0 = Release|Any CPU
		{3B9C52BB-431A-41E3-A004-CC96F1431F16}.Debug|Any CPU.ActiveCfg = Debug|Any CPU
		{3B9C52BB-431A-41E3-A004-CC96F1431F16}.Debug|Any CPU.Build.0 = Debug|Any CPU
		{3B9C52BB-431A-41E3-A004-CC96F1431F16}.Release|Any CPU.ActiveCfg = Release|Any CPU
		{3B9C52BB-431A-41E3-A004-CC96F1431F16}.Release|Any CPU.Build.0 = Release|Any CPU
		{69633C2E-E90A-49C2-BFC1-7FCA54F7F25E}.Debug|Any CPU.ActiveCfg = Debug|Any CPU
		{69633C2E-E90A-49C2-BFC1-7FCA54F7F25E}.Debug|Any CPU.Build.0 = Debug|Any CPU
		{69633C2E-E90A-49C2-BFC1-7FCA54F7F25E}.Release|Any CPU.ActiveCfg = Release|Any CPU
		{69633C2E-E90A-49C2-BFC1-7FCA54F7F25E}.Release|Any CPU.Build.0 = Release|Any CPU
		{8DD8F551-2933-49B4-80BE-211306FDCBA4}.Debug|Any CPU.ActiveCfg = Debug|Any CPU
		{8DD8F551-2933-49B4-80BE-211306FDCBA4}.Debug|Any CPU.Build.0 = Debug|Any CPU
		{8DD8F551-2933-49B4-80BE-211306FDCBA4}.Release|Any CPU.ActiveCfg = Release|Any CPU
		{8DD8F551-2933-49B4-80BE-211306FDCBA4}.Release|Any CPU.Build.0 = Release|Any CPU
		{955C23D9-9507-40AC-A916-B897EB34DC15}.Debug|Any CPU.ActiveCfg = Debug|Any CPU
		{955C23D9-9507-40AC-A916-B897EB34DC15}.Debug|Any CPU.Build.0 = Debug|Any CPU
		{955C23D9-9507-40AC-A916-B897EB34DC15}.Release|Any CPU.ActiveCfg = Release|Any CPU
		{955C23D9-9507-40AC-A916-B897EB34DC15}.Release|Any CPU.Build.0 = Release|Any CPU
		{501D31B8-B7AC-48C9-B4B2-DDF06B44664D}.Debug|Any CPU.ActiveCfg = Debug|Any CPU
		{501D31B8-B7AC-48C9-B4B2-DDF06B44664D}.Debug|Any CPU.Build.0 = Debug|Any CPU
		{501D31B8-B7AC-48C9-B4B2-DDF06B44664D}.Release|Any CPU.ActiveCfg = Release|Any CPU
		{501D31B8-B7AC-48C9-B4B2-DDF06B44664D}.Release|Any CPU.Build.0 = Release|Any CPU
		{A578E674-F73D-49A3-88D4-06940A38C8A6}.Debug|Any CPU.ActiveCfg = Debug|Any CPU
		{A578E674-F73D-49A3-88D4-06940A38C8A6}.Debug|Any CPU.Build.0 = Debug|Any CPU
		{A578E674-F73D-49A3-88D4-06940A38C8A6}.Release|Any CPU.ActiveCfg = Release|Any CPU
		{A578E674-F73D-49A3-88D4-06940A38C8A6}.Release|Any CPU.Build.0 = Release|Any CPU
		{F1688492-5AF8-4E83-B547-B9D9C016388D}.Debug|Any CPU.ActiveCfg = Debug|Any CPU
		{F1688492-5AF8-4E83-B547-B9D9C016388D}.Debug|Any CPU.Build.0 = Debug|Any CPU
		{F1688492-5AF8-4E83-B547-B9D9C016388D}.Release|Any CPU.ActiveCfg = Release|Any CPU
		{F1688492-5AF8-4E83-B547-B9D9C016388D}.Release|Any CPU.Build.0 = Release|Any CPU
		{B77635E5-8A1B-4EF8-B0AD-BA5FE4B100C2}.Debug|Any CPU.ActiveCfg = Debug|Any CPU
		{B77635E5-8A1B-4EF8-B0AD-BA5FE4B100C2}.Debug|Any CPU.Build.0 = Debug|Any CPU
		{B77635E5-8A1B-4EF8-B0AD-BA5FE4B100C2}.Release|Any CPU.ActiveCfg = Release|Any CPU
		{B77635E5-8A1B-4EF8-B0AD-BA5FE4B100C2}.Release|Any CPU.Build.0 = Release|Any CPU
		{5D3D417A-AEF4-4D5F-AE5A-BFF083A451F8}.Debug|Any CPU.ActiveCfg = Debug|Any CPU
		{5D3D417A-AEF4-4D5F-AE5A-BFF083A451F8}.Debug|Any CPU.Build.0 = Debug|Any CPU
		{5D3D417A-AEF4-4D5F-AE5A-BFF083A451F8}.Release|Any CPU.ActiveCfg = Release|Any CPU
		{5D3D417A-AEF4-4D5F-AE5A-BFF083A451F8}.Release|Any CPU.Build.0 = Release|Any CPU
		{AE2721FF-4B0F-4004-B504-F97F158D5892}.Debug|Any CPU.ActiveCfg = Debug|Any CPU
		{AE2721FF-4B0F-4004-B504-F97F158D5892}.Debug|Any CPU.Build.0 = Debug|Any CPU
		{AE2721FF-4B0F-4004-B504-F97F158D5892}.Release|Any CPU.ActiveCfg = Release|Any CPU
		{AE2721FF-4B0F-4004-B504-F97F158D5892}.Release|Any CPU.Build.0 = Release|Any CPU
		{D2BACCCA-4CDC-45F7-A4DF-F471D6FE02E1}.Debug|Any CPU.ActiveCfg = Debug|Any CPU
		{D2BACCCA-4CDC-45F7-A4DF-F471D6FE02E1}.Debug|Any CPU.Build.0 = Debug|Any CPU
		{D2BACCCA-4CDC-45F7-A4DF-F471D6FE02E1}.Release|Any CPU.ActiveCfg = Release|Any CPU
		{D2BACCCA-4CDC-45F7-A4DF-F471D6FE02E1}.Release|Any CPU.Build.0 = Release|Any CPU
		{EC1373DE-D770-4BF8-B515-99C2A23CFA17}.Debug|Any CPU.ActiveCfg = Debug|Any CPU
		{EC1373DE-D770-4BF8-B515-99C2A23CFA17}.Debug|Any CPU.Build.0 = Debug|Any CPU
		{EC1373DE-D770-4BF8-B515-99C2A23CFA17}.Release|Any CPU.ActiveCfg = Release|Any CPU
		{EC1373DE-D770-4BF8-B515-99C2A23CFA17}.Release|Any CPU.Build.0 = Release|Any CPU
		{2E97D3F9-77E4-4246-BBCB-C3A779C21EA1}.Debug|Any CPU.ActiveCfg = Debug|Any CPU
		{2E97D3F9-77E4-4246-BBCB-C3A779C21EA1}.Debug|Any CPU.Build.0 = Debug|Any CPU
		{2E97D3F9-77E4-4246-BBCB-C3A779C21EA1}.Release|Any CPU.ActiveCfg = Release|Any CPU
		{2E97D3F9-77E4-4246-BBCB-C3A779C21EA1}.Release|Any CPU.Build.0 = Release|Any CPU
		{497E51DA-353A-4510-87E5-8C85DF0E2567}.Debug|Any CPU.ActiveCfg = Debug|Any CPU
		{497E51DA-353A-4510-87E5-8C85DF0E2567}.Debug|Any CPU.Build.0 = Debug|Any CPU
		{497E51DA-353A-4510-87E5-8C85DF0E2567}.Release|Any CPU.ActiveCfg = Release|Any CPU
		{497E51DA-353A-4510-87E5-8C85DF0E2567}.Release|Any CPU.Build.0 = Release|Any CPU
		{EE501E71-90D8-48AE-BF30-D1AC4F076717}.Debug|Any CPU.ActiveCfg = Debug|Any CPU
		{EE501E71-90D8-48AE-BF30-D1AC4F076717}.Debug|Any CPU.Build.0 = Debug|Any CPU
		{EE501E71-90D8-48AE-BF30-D1AC4F076717}.Release|Any CPU.ActiveCfg = Release|Any CPU
		{EE501E71-90D8-48AE-BF30-D1AC4F076717}.Release|Any CPU.Build.0 = Release|Any CPU
		{7F2B5F64-40E9-4F27-9706-0AE23ABEC2C0}.Debug|Any CPU.ActiveCfg = Debug|Any CPU
		{7F2B5F64-40E9-4F27-9706-0AE23ABEC2C0}.Debug|Any CPU.Build.0 = Debug|Any CPU
		{7F2B5F64-40E9-4F27-9706-0AE23ABEC2C0}.Release|Any CPU.ActiveCfg = Release|Any CPU
		{7F2B5F64-40E9-4F27-9706-0AE23ABEC2C0}.Release|Any CPU.Build.0 = Release|Any CPU
		{68A13A57-5573-42EA-A267-D4028E3330E5}.Debug|Any CPU.ActiveCfg = Debug|Any CPU
		{68A13A57-5573-42EA-A267-D4028E3330E5}.Debug|Any CPU.Build.0 = Debug|Any CPU
		{68A13A57-5573-42EA-A267-D4028E3330E5}.Release|Any CPU.ActiveCfg = Release|Any CPU
		{68A13A57-5573-42EA-A267-D4028E3330E5}.Release|Any CPU.Build.0 = Release|Any CPU
		{9843A889-DC8F-4215-B8D7-F310D9A161B8}.Debug|Any CPU.ActiveCfg = Debug|Any CPU
		{9843A889-DC8F-4215-B8D7-F310D9A161B8}.Debug|Any CPU.Build.0 = Debug|Any CPU
		{9843A889-DC8F-4215-B8D7-F310D9A161B8}.Release|Any CPU.ActiveCfg = Release|Any CPU
		{9843A889-DC8F-4215-B8D7-F310D9A161B8}.Release|Any CPU.Build.0 = Release|Any CPU
		{7CEE6CFE-E1D0-4A2F-BEA8-18B7FFA49504}.Debug|Any CPU.ActiveCfg = Debug|Any CPU
		{7CEE6CFE-E1D0-4A2F-BEA8-18B7FFA49504}.Debug|Any CPU.Build.0 = Debug|Any CPU
		{7CEE6CFE-E1D0-4A2F-BEA8-18B7FFA49504}.Release|Any CPU.ActiveCfg = Release|Any CPU
		{7CEE6CFE-E1D0-4A2F-BEA8-18B7FFA49504}.Release|Any CPU.Build.0 = Release|Any CPU
		{61096DA4-2460-47A2-874B-509EFC794F86}.Debug|Any CPU.ActiveCfg = Debug|Any CPU
		{61096DA4-2460-47A2-874B-509EFC794F86}.Debug|Any CPU.Build.0 = Debug|Any CPU
		{61096DA4-2460-47A2-874B-509EFC794F86}.Release|Any CPU.ActiveCfg = Release|Any CPU
		{61096DA4-2460-47A2-874B-509EFC794F86}.Release|Any CPU.Build.0 = Release|Any CPU
		{A8CD013B-4A95-45F6-83E3-A568B8EE9929}.Debug|Any CPU.ActiveCfg = Debug|Any CPU
		{A8CD013B-4A95-45F6-83E3-A568B8EE9929}.Debug|Any CPU.Build.0 = Debug|Any CPU
		{A8CD013B-4A95-45F6-83E3-A568B8EE9929}.Release|Any CPU.ActiveCfg = Release|Any CPU
		{A8CD013B-4A95-45F6-83E3-A568B8EE9929}.Release|Any CPU.Build.0 = Release|Any CPU
		{E282678D-B8BE-4264-A31C-059D1F4524A6}.Debug|Any CPU.ActiveCfg = Debug|Any CPU
		{E282678D-B8BE-4264-A31C-059D1F4524A6}.Debug|Any CPU.Build.0 = Debug|Any CPU
		{E282678D-B8BE-4264-A31C-059D1F4524A6}.Release|Any CPU.ActiveCfg = Release|Any CPU
		{E282678D-B8BE-4264-A31C-059D1F4524A6}.Release|Any CPU.Build.0 = Release|Any CPU
		{7DAC855C-C760-4E17-9346-FB327E71316B}.Debug|Any CPU.ActiveCfg = Debug|Any CPU
		{7DAC855C-C760-4E17-9346-FB327E71316B}.Debug|Any CPU.Build.0 = Debug|Any CPU
		{7DAC855C-C760-4E17-9346-FB327E71316B}.Release|Any CPU.ActiveCfg = Release|Any CPU
		{7DAC855C-C760-4E17-9346-FB327E71316B}.Release|Any CPU.Build.0 = Release|Any CPU
	EndGlobalSection
	GlobalSection(SolutionProperties) = preSolution
		HideSolutionNode = FALSE
	EndGlobalSection
	GlobalSection(NestedProjects) = preSolution
		{7F1C03E5-934D-417B-97D0-0A5ECFFDEE48} = {3902AFDA-EC0B-4053-8646-3DF9F8BC8436}
		{0D6EC6BB-0645-4EFC-ADFA-67F244FEFE5D} = {3902AFDA-EC0B-4053-8646-3DF9F8BC8436}
		{245BD1B8-A8D0-468D-BE28-DB5A316DE94B} = {4A060B01-86AD-4D5C-B706-34FEBBDD3944}
		{55A536DE-5257-4BD4-ACC5-C59FE8A9D0BA} = {4A060B01-86AD-4D5C-B706-34FEBBDD3944}
		{CAC0E53D-B5AE-4FEF-B558-5E4B700327EE} = {4A060B01-86AD-4D5C-B706-34FEBBDD3944}
		{02F7030E-EAF7-46E7-9BE7-ADDD5F8143D6} = {4A060B01-86AD-4D5C-B706-34FEBBDD3944}
		{AC78CEFB-96D8-4A65-916F-9996F6A7EC71} = {4A060B01-86AD-4D5C-B706-34FEBBDD3944}
		{7B0E0BF7-FBA8-4C66-A1B6-DC64389DC97C} = {02F7030E-EAF7-46E7-9BE7-ADDD5F8143D6}
		{1E9AC069-D665-4B62-AC61-9A435F6F27F6} = {02F7030E-EAF7-46E7-9BE7-ADDD5F8143D6}
		{087E7D8D-62CB-42FC-8B35-7B3C5E37BE48} = {02F7030E-EAF7-46E7-9BE7-ADDD5F8143D6}
		{F9600D8B-0248-46DA-9A58-97A2BC8DDCD1} = {245BD1B8-A8D0-468D-BE28-DB5A316DE94B}
		{9181F687-5D6C-46E8-B83E-5BEBAD68A261} = {55A536DE-5257-4BD4-ACC5-C59FE8A9D0BA}
		{E011B299-97A4-4388-B808-09F8FF52C1AE} = {55A536DE-5257-4BD4-ACC5-C59FE8A9D0BA}
		{5DB5DEEA-74FD-4464-B9C8-51C462079BB9} = {55A536DE-5257-4BD4-ACC5-C59FE8A9D0BA}
		{4E487BD1-0B50-4F92-980B-BD09A2B32B0B} = {CAC0E53D-B5AE-4FEF-B558-5E4B700327EE}
		{4CC277D2-03EF-4688-B3E8-22A883809521} = {7B0E0BF7-FBA8-4C66-A1B6-DC64389DC97C}
		{D0411981-543E-4CA4-88F5-06D520AEBB92} = {1E9AC069-D665-4B62-AC61-9A435F6F27F6}
		{D134C984-953C-44AF-BF1A-359F09DB232D} = {087E7D8D-62CB-42FC-8B35-7B3C5E37BE48}
		{53812AC1-59BB-44A0-90FD-97BCE54D0E86} = {087E7D8D-62CB-42FC-8B35-7B3C5E37BE48}
		{9F2B99B0-44A7-49B5-BD93-86A1460529E8} = {087E7D8D-62CB-42FC-8B35-7B3C5E37BE48}
		{2FB5E222-0CA8-4943-9BD8-F56EAA266E43} = {8DEA2D9C-88A0-44D6-9C86-8C43B823F365}
		{6499486C-06A3-4DF7-8827-6B54FE4A049D} = {8DEA2D9C-88A0-44D6-9C86-8C43B823F365}
		{7434B5AB-EADF-4C69-8561-E4FB5EEC5C6D} = {6499486C-06A3-4DF7-8827-6B54FE4A049D}
		{61AD2B54-3A62-40EB-A29B-386273405AA5} = {2FB5E222-0CA8-4943-9BD8-F56EAA266E43}
		{6C904631-E91E-43E5-81AC-4AE00A57B565} = {61AD2B54-3A62-40EB-A29B-386273405AA5}
		{11316196-BDD4-4D6C-AFDA-7BFB3F008853} = {61AD2B54-3A62-40EB-A29B-386273405AA5}
		{BACF8E3B-CC58-498C-BC7C-9D97A756F2A6} = {61AD2B54-3A62-40EB-A29B-386273405AA5}
		{10CCED06-146D-47A6-97B4-9B2B3A430A7E} = {61AD2B54-3A62-40EB-A29B-386273405AA5}
		{B938D59A-C680-4E0A-B584-1135F4D7E457} = {10CCED06-146D-47A6-97B4-9B2B3A430A7E}
		{2DC22B59-7558-411F-ACAB-E202845A5B58} = {10CCED06-146D-47A6-97B4-9B2B3A430A7E}
		{17B89EAA-A064-43A2-B6FD-33422DA8BACA} = {6C904631-E91E-43E5-81AC-4AE00A57B565}
		{234806BA-BECF-413E-9BC5-9D015D4126FA} = {11316196-BDD4-4D6C-AFDA-7BFB3F008853}
		{81CDEEB8-F627-4E68-BD7A-FAC641716D77} = {11316196-BDD4-4D6C-AFDA-7BFB3F008853}
		{F6BEA608-C7B6-49B0-8FD9-3C80541F316C} = {11316196-BDD4-4D6C-AFDA-7BFB3F008853}
		{D1B3456A-C8E5-4DBB-9F0F-B358009398BA} = {BACF8E3B-CC58-498C-BC7C-9D97A756F2A6}
		{B66BCE9E-6EFE-41F8-A8FE-75C73ED611A4} = {B938D59A-C680-4E0A-B584-1135F4D7E457}
		{E0D8253C-024C-4166-BBE4-1AB9CE2BF0E3} = {2DC22B59-7558-411F-ACAB-E202845A5B58}
		{A9018839-FC69-4F01-AB56-CD140A79D60D} = {2FB5E222-0CA8-4943-9BD8-F56EAA266E43}
		{E8DCE3B4-EA69-46EB-9FE2-2566BB5C7AE7} = {A9018839-FC69-4F01-AB56-CD140A79D60D}
		{3B9C52BB-431A-41E3-A004-CC96F1431F16} = {A9018839-FC69-4F01-AB56-CD140A79D60D}
		{69633C2E-E90A-49C2-BFC1-7FCA54F7F25E} = {A9018839-FC69-4F01-AB56-CD140A79D60D}
		{8DD8F551-2933-49B4-80BE-211306FDCBA4} = {A9018839-FC69-4F01-AB56-CD140A79D60D}
		{3902AFDA-EC0B-4053-8646-3DF9F8BC8436} = {8DEA2D9C-88A0-44D6-9C86-8C43B823F365}
		{94E536CE-5425-445C-AFD2-EE419ED35540} = {4ED247D4-B45D-4FA1-BD8C-5AA3C45AF0CA}
		{8EC6B836-90B9-4B29-8667-7D73B1DA4690} = {4ED247D4-B45D-4FA1-BD8C-5AA3C45AF0CA}
		{11A56CE5-350E-4B7F-A47A-4180474A6C9A} = {4ED247D4-B45D-4FA1-BD8C-5AA3C45AF0CA}
		{484D00D6-0684-48A3-8B78-D1A25F693947} = {4ED247D4-B45D-4FA1-BD8C-5AA3C45AF0CA}
		{831934FB-2F85-43E3-BD8E-43252F94DE1C} = {4ED247D4-B45D-4FA1-BD8C-5AA3C45AF0CA}
		{925F2BAD-BDBB-445F-B40F-D352AB3BA11A} = {484D00D6-0684-48A3-8B78-D1A25F693947}
		{35E89A9B-FD5E-4FB8-AA91-32B1FC5B8CAB} = {484D00D6-0684-48A3-8B78-D1A25F693947}
		{948E2890-2B3D-465F-8E34-07290B64A711} = {484D00D6-0684-48A3-8B78-D1A25F693947}
		{955C23D9-9507-40AC-A916-B897EB34DC15} = {94E536CE-5425-445C-AFD2-EE419ED35540}
		{501D31B8-B7AC-48C9-B4B2-DDF06B44664D} = {8EC6B836-90B9-4B29-8667-7D73B1DA4690}
		{A578E674-F73D-49A3-88D4-06940A38C8A6} = {8EC6B836-90B9-4B29-8667-7D73B1DA4690}
		{F1688492-5AF8-4E83-B547-B9D9C016388D} = {8EC6B836-90B9-4B29-8667-7D73B1DA4690}
		{B77635E5-8A1B-4EF8-B0AD-BA5FE4B100C2} = {11A56CE5-350E-4B7F-A47A-4180474A6C9A}
		{5D3D417A-AEF4-4D5F-AE5A-BFF083A451F8} = {925F2BAD-BDBB-445F-B40F-D352AB3BA11A}
		{AE2721FF-4B0F-4004-B504-F97F158D5892} = {35E89A9B-FD5E-4FB8-AA91-32B1FC5B8CAB}
		{D2BACCCA-4CDC-45F7-A4DF-F471D6FE02E1} = {948E2890-2B3D-465F-8E34-07290B64A711}
		{EC1373DE-D770-4BF8-B515-99C2A23CFA17} = {948E2890-2B3D-465F-8E34-07290B64A711}
		{2E97D3F9-77E4-4246-BBCB-C3A779C21EA1} = {948E2890-2B3D-465F-8E34-07290B64A711}
		{68066499-6A33-4715-B5EF-4C895CF48761} = {B825E441-50DD-4B4D-A2F7-1A00D62952BF}
		{A9D4E698-B494-4035-A3B2-B570E2352665} = {B825E441-50DD-4B4D-A2F7-1A00D62952BF}
		{34CBF482-A651-4309-BB49-10606856B4B7} = {B825E441-50DD-4B4D-A2F7-1A00D62952BF}
		{D969A34B-701E-4558-9249-01E33D6AE13F} = {B825E441-50DD-4B4D-A2F7-1A00D62952BF}
		{D0AE7F0B-2417-4739-A3D2-0CEEDCFD782F} = {B825E441-50DD-4B4D-A2F7-1A00D62952BF}
		{EE37647D-48E2-4276-8471-07159C3D2E1F} = {D969A34B-701E-4558-9249-01E33D6AE13F}
		{82B3C88D-7591-4F8E-89EE-AEF929CF4843} = {D969A34B-701E-4558-9249-01E33D6AE13F}
		{F05E47F2-E937-45CF-9DC0-064226ACA526} = {D969A34B-701E-4558-9249-01E33D6AE13F}
		{497E51DA-353A-4510-87E5-8C85DF0E2567} = {68066499-6A33-4715-B5EF-4C895CF48761}
		{EE501E71-90D8-48AE-BF30-D1AC4F076717} = {A9D4E698-B494-4035-A3B2-B570E2352665}
		{7F2B5F64-40E9-4F27-9706-0AE23ABEC2C0} = {A9D4E698-B494-4035-A3B2-B570E2352665}
		{68A13A57-5573-42EA-A267-D4028E3330E5} = {A9D4E698-B494-4035-A3B2-B570E2352665}
		{9843A889-DC8F-4215-B8D7-F310D9A161B8} = {34CBF482-A651-4309-BB49-10606856B4B7}
		{7CEE6CFE-E1D0-4A2F-BEA8-18B7FFA49504} = {EE37647D-48E2-4276-8471-07159C3D2E1F}
		{61096DA4-2460-47A2-874B-509EFC794F86} = {82B3C88D-7591-4F8E-89EE-AEF929CF4843}
		{A8CD013B-4A95-45F6-83E3-A568B8EE9929} = {F05E47F2-E937-45CF-9DC0-064226ACA526}
		{E282678D-B8BE-4264-A31C-059D1F4524A6} = {F05E47F2-E937-45CF-9DC0-064226ACA526}
		{7DAC855C-C760-4E17-9346-FB327E71316B} = {F05E47F2-E937-45CF-9DC0-064226ACA526}
	EndGlobalSection
	GlobalSection(ExtensibilityGlobals) = postSolution
		SolutionGuid = {EC56B6C8-9186-4389-9FDC-0340B40BC5C8}
	EndGlobalSection
EndGlobal
